
Microsoft Visual Studio Solution File, Format Version 11.00
# Visual Studio 2010
Project("{FAE04EC0-301F-11D3-BF4B-00C04F79EFBC}") = "Terraria", "Terraria.csproj", "{27A2C95B-08D1-48C0-BA37-B40E5D0BE55F}"
EndProject
Global
	GlobalSection(SolutionConfigurationPlatforms) = preSolution
		Debug|Any CPU = Debug|Any CPU
		Release|Any CPU = Release|Any CPU
	EndGlobalSection
	GlobalSection(ProjectConfigurationPlatforms) = postSolution
		{27A2C95B-08D1-48C0-BA37-B40E5D0BE55F}.Debug|Any CPU.ActiveCfg = Debug|Any CPU
		{27A2C95B-08D1-48C0-BA37-B40E5D0BE55F}.Debug|Any CPU.Build.0 = Debug|Any CPU
		{27A2C95B-08D1-48C0-BA37-B40E5D0BE55F}.Release|Any CPU.ActiveCfg = Release|Any CPU
		{27A2C95B-08D1-48C0-BA37-B40E5D0BE55F}.Release|Any CPU.Build.0 = Release|Any CPU
	EndGlobalSection
	GlobalSection(SolutionProperties) = preSolution
		HideSolutionNode = FALSE
	EndGlobalSection
EndGlobal
